// !$*UTF8*$!
{
	archiveVersion = 1;
	classes = {
	};
	objectVersion = 46;
	objects = {

/* Begin PBXBuildFile section */
		1FD05CD019E09FA600602634 /* ParsingJSON.h in CopyFiles */ = {isa = PBXBuildFile; fileRef = 1FD05CCF19E09FA600602634 /* ParsingJSON.h */; };
		1FD05CD219E09FA600602634 /* ParsingJSON.m in Sources */ = {isa = PBXBuildFile; fileRef = 1FD05CD119E09FA600602634 /* ParsingJSON.m */; };
		1FD05CD819E09FA600602634 /* libParsingJSON.a in Frameworks */ = {isa = PBXBuildFile; fileRef = 1FD05CCC19E09FA600602634 /* libParsingJSON.a */; };
/* End PBXBuildFile section */

/* Begin PBXContainerItemProxy section */
		1FD05CD919E09FA600602634 /* PBXContainerItemProxy */ = {
			isa = PBXContainerItemProxy;
			containerPortal = 1FD05CC419E09FA600602634 /* Project object */;
			proxyType = 1;
			remoteGlobalIDString = 1FD05CCB19E09FA600602634;
			remoteInfo = ParsingJSON;
		};
/* End PBXContainerItemProxy section */

/* Begin PBXCopyFilesBuildPhase section */
		1FD05CCA19E09FA600602634 /* CopyFiles */ = {
			isa = PBXCopyFilesBuildPhase;
			buildActionMask = 2147483647;
			dstPath = "include/$(PRODUCT_NAME)";
			dstSubfolderSpec = 16;
			files = (
				1FD05CD019E09FA600602634 /* ParsingJSON.h in CopyFiles */,
			);
			runOnlyForDeploymentPostprocessing = 0;
		};
/* End PBXCopyFilesBuildPhase section */

/* Begin PBXFileReference section */
		1FD05CCC19E09FA600602634 /* libParsingJSON.a */ = {isa = PBXFileReference; explicitFileType = archive.ar; includeInIndex = 0; path = libParsingJSON.a; sourceTree = BUILT_PRODUCTS_DIR; };
		1FD05CCF19E09FA600602634 /* ParsingJSON.h */ = {isa = PBXFileReference; lastKnownFileType = sourcecode.c.h; path = ParsingJSON.h; sourceTree = "<group>"; };
		1FD05CD119E09FA600602634 /* ParsingJSON.m */ = {isa = PBXFileReference; lastKnownFileType = sourcecode.c.objc; path = ParsingJSON.m; sourceTree = "<group>"; };
		1FD05CD719E09FA600602634 /* ParsingJSONTests.xctest */ = {isa = PBXFileReference; explicitFileType = wrapper.cfbundle; includeInIndex = 0; path = ParsingJSONTests.xctest; sourceTree = BUILT_PRODUCTS_DIR; };
		1FD05CDD19E09FA600602634 /* Info.plist */ = {isa = PBXFileReference; lastKnownFileType = text.plist.xml; path = Info.plist; sourceTree = "<group>"; };
/* End PBXFileReference section */

/* Begin PBXFrameworksBuildPhase section */
		1FD05CC919E09FA600602634 /* Frameworks */ = {
			isa = PBXFrameworksBuildPhase;
			buildActionMask = 2147483647;
			files = (
			);
			runOnlyForDeploymentPostprocessing = 0;
		};
		1FD05CD419E09FA600602634 /* Frameworks */ = {
			isa = PBXFrameworksBuildPhase;
			buildActionMask = 2147483647;
			files = (
				1FD05CD819E09FA600602634 /* libParsingJSON.a in Frameworks */,
			);
			runOnlyForDeploymentPostprocessing = 0;
		};
/* End PBXFrameworksBuildPhase section */

/* Begin PBXGroup section */
		1FD05CC319E09FA600602634 = {
			isa = PBXGroup;
			children = (
				1FD05CCE19E09FA600602634 /* ParsingJSON */,
				1FD05CDB19E09FA600602634 /* ParsingJSONTests */,
				1FD05CCD19E09FA600602634 /* Products */,
			);
			sourceTree = "<group>";
		};
		1FD05CCD19E09FA600602634 /* Products */ = {
			isa = PBXGroup;
			children = (
				1FD05CCC19E09FA600602634 /* libParsingJSON.a */,
				1FD05CD719E09FA600602634 /* ParsingJSONTests.xctest */,
			);
			name = Products;
			sourceTree = "<group>";
		};
		1FD05CCE19E09FA600602634 /* ParsingJSON */ = {
			isa = PBXGroup;
			children = (
				1FD05CCF19E09FA600602634 /* ParsingJSON.h */,
				1FD05CD119E09FA600602634 /* ParsingJSON.m */,
			);
			path = ParsingJSON;
			sourceTree = "<group>";
		};
		1FD05CDB19E09FA600602634 /* ParsingJSONTests */ = {
			isa = PBXGroup;
			children = (
				1FD05CDC19E09FA600602634 /* Supporting Files */,
			);
			path = ParsingJSONTests;
			sourceTree = "<group>";
		};
		1FD05CDC19E09FA600602634 /* Supporting Files */ = {
			isa = PBXGroup;
			children = (
				1FD05CDD19E09FA600602634 /* Info.plist */,
			);
			name = "Supporting Files";
			sourceTree = "<group>";
		};
/* End PBXGroup section */

/* Begin PBXNativeTarget section */
		1FD05CCB19E09FA600602634 /* ParsingJSON */ = {
			isa = PBXNativeTarget;
			buildConfigurationList = 1FD05CE019E09FA600602634 /* Build configuration list for PBXNativeTarget "ParsingJSON" */;
			buildPhases = (
				1FD05CC819E09FA600602634 /* Sources */,
				1FD05CC919E09FA600602634 /* Frameworks */,
				1FD05CCA19E09FA600602634 /* CopyFiles */,
			);
			buildRules = (
			);
			dependencies = (
			);
			name = ParsingJSON;
			productName = ParsingJSON;
			productReference = 1FD05CCC19E09FA600602634 /* libParsingJSON.a */;
			productType = "com.apple.product-type.library.static";
		};
		1FD05CD619E09FA600602634 /* ParsingJSONTests */ = {
			isa = PBXNativeTarget;
			buildConfigurationList = 1FD05CE319E09FA600602634 /* Build configuration list for PBXNativeTarget "ParsingJSONTests" */;
			buildPhases = (
				1FD05CD319E09FA600602634 /* Sources */,
				1FD05CD419E09FA600602634 /* Frameworks */,
				1FD05CD519E09FA600602634 /* Resources */,
			);
			buildRules = (
			);
			dependencies = (
				1FD05CDA19E09FA600602634 /* PBXTargetDependency */,
			);
			name = ParsingJSONTests;
			productName = ParsingJSONTests;
			productReference = 1FD05CD719E09FA600602634 /* ParsingJSONTests.xctest */;
			productType = "com.apple.product-type.bundle.unit-test";
		};
/* End PBXNativeTarget section */

/* Begin PBXProject section */
		1FD05CC419E09FA600602634 /* Project object */ = {
			isa = PBXProject;
			attributes = {
				LastUpgradeCheck = 0610;
				ORGANIZATIONNAME = "Jeff Hui";
				TargetAttributes = {
					1FD05CCB19E09FA600602634 = {
						CreatedOnToolsVersion = 6.1;
					};
					1FD05CD619E09FA600602634 = {
						CreatedOnToolsVersion = 6.1;
					};
				};
			};
			buildConfigurationList = 1FD05CC719E09FA600602634 /* Build configuration list for PBXProject "ParsingJSON" */;
			compatibilityVersion = "Xcode 3.2";
			developmentRegion = English;
			hasScannedForEncodings = 0;
			knownRegions = (
				en,
			);
			mainGroup = 1FD05CC319E09FA600602634;
			productRefGroup = 1FD05CCD19E09FA600602634 /* Products */;
			projectDirPath = "";
			projectRoot = "";
			targets = (
				1FD05CCB19E09FA600602634 /* ParsingJSON */,
				1FD05CD619E09FA600602634 /* ParsingJSONTests */,
			);
		};
/* End PBXProject section */

/* Begin PBXResourcesBuildPhase section */
		1FD05CD519E09FA600602634 /* Resources */ = {
			isa = PBXResourcesBuildPhase;
			buildActionMask = 2147483647;
			files = (
			);
			runOnlyForDeploymentPostprocessing = 0;
		};
/* End PBXResourcesBuildPhase section */

/* Begin PBXSourcesBuildPhase section */
		1FD05CC819E09FA600602634 /* Sources */ = {
			isa = PBXSourcesBuildPhase;
			buildActionMask = 2147483647;
			files = (
				1FD05CD219E09FA600602634 /* ParsingJSON.m in Sources */,
			);
			runOnlyForDeploymentPostprocessing = 0;
		};
		1FD05CD319E09FA600602634 /* Sources */ = {
			isa = PBXSourcesBuildPhase;
			buildActionMask = 2147483647;
			files = (
			);
			runOnlyForDeploymentPostprocessing = 0;
		};
/* End PBXSourcesBuildPhase section */

/* Begin PBXTargetDependency section */
		1FD05CDA19E09FA600602634 /* PBXTargetDependency */ = {
			isa = PBXTargetDependency;
			target = 1FD05CCB19E09FA600602634 /* ParsingJSON */;
			targetProxy = 1FD05CD919E09FA600602634 /* PBXContainerItemProxy */;
		};
/* End PBXTargetDependency section */

/* Begin XCBuildConfiguration section */
		1FD05CDE19E09FA600602634 /* Debug */ = {
			isa = XCBuildConfiguration;
			buildSettings = {
				ALWAYS_SEARCH_USER_PATHS = NO;
				CLANG_CXX_LANGUAGE_STANDARD = "gnu++0x";
				CLANG_CXX_LIBRARY = "libc++";
				CLANG_ENABLE_MODULES = YES;
				CLANG_ENABLE_OBJC_ARC = YES;
				CLANG_WARN_BOOL_CONVERSION = YES;
				CLANG_WARN_CONSTANT_CONVERSION = YES;
				CLANG_WARN_DIRECT_OBJC_ISA_USAGE = YES_ERROR;
				CLANG_WARN_EMPTY_BODY = YES;
				CLANG_WARN_ENUM_CONVERSION = YES;
				CLANG_WARN_INT_CONVERSION = YES;
				CLANG_WARN_OBJC_ROOT_CLASS = YES_ERROR;
				CLANG_WARN_UNREACHABLE_CODE = YES;
				CLANG_WARN__DUPLICATE_METHOD_MATCH = YES;
				COPY_PHASE_STRIP = NO;
				ENABLE_STRICT_OBJC_MSGSEND = YES;
				GCC_C_LANGUAGE_STANDARD = gnu99;
				GCC_DYNAMIC_NO_PIC = NO;
				GCC_OPTIMIZATION_LEVEL = 0;
				GCC_PREPROCESSOR_DEFINITIONS = (
					"DEBUG=1",
					"$(inherited)",
				);
				GCC_SYMBOLS_PRIVATE_EXTERN = NO;
				GCC_WARN_64_TO_32_BIT_CONVERSION = YES;
				GCC_WARN_ABOUT_RETURN_TYPE = YES_ERROR;
				GCC_WARN_UNDECLARED_SELECTOR = YES;
				GCC_WARN_UNINITIALIZED_AUTOS = YES_AGGRESSIVE;
				GCC_WARN_UNUSED_FUNCTION = YES;
				GCC_WARN_UNUSED_VARIABLE = YES;
				IPHONEOS_DEPLOYMENT_TARGET = 8.1;
				MTL_ENABLE_DEBUG_INFO = YES;
				ONLY_ACTIVE_ARCH = YES;
				SDKROOT = iphoneos;
			};
			name = Debug;
		};
		1FD05CDF19E09FA600602634 /* Release */ = {
			isa = XCBuildConfiguration;
			buildSettings = {
				ALWAYS_SEARCH_USER_PATHS = NO;
				CLANG_CXX_LANGUAGE_STANDARD = "gnu++0x";
				CLANG_CXX_LIBRARY = "libc++";
				CLANG_ENABLE_MODULES = YES;
				CLANG_ENABLE_OBJC_ARC = YES;
				CLANG_WARN_BOOL_CONVERSION = YES;
				CLANG_WARN_CONSTANT_CONVERSION = YES;
				CLANG_WARN_DIRECT_OBJC_ISA_USAGE = YES_ERROR;
				CLANG_WARN_EMPTY_BODY = YES;
				CLANG_WARN_ENUM_CONVERSION = YES;
				CLANG_WARN_INT_CONVERSION = YES;
				CLANG_WARN_OBJC_ROOT_CLASS = YES_ERROR;
				CLANG_WARN_UNREACHABLE_CODE = YES;
				CLANG_WARN__DUPLICATE_METHOD_MATCH = YES;
				COPY_PHASE_STRIP = YES;
				ENABLE_NS_ASSERTIONS = NO;
				ENABLE_STRICT_OBJC_MSGSEND = YES;
				GCC_C_LANGUAGE_STANDARD = gnu99;
				GCC_WARN_64_TO_32_BIT_CONVERSION = YES;
				GCC_WARN_ABOUT_RETURN_TYPE = YES_ERROR;
				GCC_WARN_UNDECLARED_SELECTOR = YES;
				GCC_WARN_UNINITIALIZED_AUTOS = YES_AGGRESSIVE;
				GCC_WARN_UNUSED_FUNCTION = YES;
				GCC_WARN_UNUSED_VARIABLE = YES;
				IPHONEOS_DEPLOYMENT_TARGET = 8.1;
				MTL_ENABLE_DEBUG_INFO = NO;
				SDKROOT = iphoneos;
				VALIDATE_PRODUCT = YES;
			};
			name = Release;
		};
		1FD05CE119E09FA600602634 /* Debug */ = {
			isa = XCBuildConfiguration;
			buildSettings = {
				OTHER_LDFLAGS = "-ObjC";
				PRODUCT_NAME = "$(TARGET_NAME)";
				SKIP_INSTALL = YES;
			};
			name = Debug;
		};
		1FD05CE219E09FA600602634 /* Release */ = {
			isa = XCBuildConfiguration;
			buildSettings = {
				OTHER_LDFLAGS = "-ObjC";
				PRODUCT_NAME = "$(TARGET_NAME)";
				SKIP_INSTALL = YES;
			};
			name = Release;
		};
		1FD05CE419E09FA600602634 /* Debug */ = {
			isa = XCBuildConfiguration;
			buildSettings = {
				FRAMEWORK_SEARCH_PATHS = (
					"$(SDKROOT)/Developer/Library/Frameworks",
					"$(inherited)",
				);
				GCC_PREPROCESSOR_DEFINITIONS = (
					"DEBUG=1",
					"$(inherited)",
				);
				INFOPLIST_FILE = ParsingJSONTests/Info.plist;
				LD_RUNPATH_SEARCH_PATHS = "$(inherited) @executable_path/Frameworks @loader_path/Frameworks";
				PRODUCT_NAME = "$(TARGET_NAME)";
			};
			name = Debug;
		};
		1FD05CE519E09FA600602634 /* Release */ = {
			isa = XCBuildConfiguration;
			buildSettings = {
				FRAMEWORK_SEARCH_PATHS = (
					"$(SDKROOT)/Developer/Library/Frameworks",
					"$(inherited)",
				);
				INFOPLIST_FILE = ParsingJSONTests/Info.plist;
				LD_RUNPATH_SEARCH_PATHS = "$(inherited) @executable_path/Frameworks @loader_path/Frameworks";
				PRODUCT_NAME = "$(TARGET_NAME)";
			};
			name = Release;
		};
/* End XCBuildConfiguration section */

/* Begin XCConfigurationList section */
		1FD05CC719E09FA600602634 /* Build configuration list for PBXProject "ParsingJSON" */ = {
			isa = XCConfigurationList;
			buildConfigurations = (
				1FD05CDE19E09FA600602634 /* Debug */,
				1FD05CDF19E09FA600602634 /* Release */,
			);
			defaultConfigurationIsVisible = 0;
			defaultConfigurationName = Release;
		};
		1FD05CE019E09FA600602634 /* Build configuration list for PBXNativeTarget "ParsingJSON" */ = {
			isa = XCConfigurationList;
			buildConfigurations = (
				1FD05CE119E09FA600602634 /* Debug */,
				1FD05CE219E09FA600602634 /* Release */,
			);
			defaultConfigurationIsVisible = 0;
		};
		1FD05CE319E09FA600602634 /* Build configuration list for PBXNativeTarget "ParsingJSONTests" */ = {
			isa = XCConfigurationList;
			buildConfigurations = (
				1FD05CE419E09FA600602634 /* Debug */,
				1FD05CE519E09FA600602634 /* Release */,
			);
			defaultConfigurationIsVisible = 0;
		};
/* End XCConfigurationList section */
	};
	rootObject = 1FD05CC419E09FA600602634 /* Project object */;
}
